{
    "hash": "c0199743335ff4b7b2ce9882de0be7e6",
    "packages": [
        {
            "package": "phpseclib/phpseclib",
            "version": "dev-master",
            "source-reference": "46ac3b92f12ac074694ca1dfb924b259339a13c9",
            "commit-date": "1343331878"
        },
        {
            "package": "symfony/console",
            "version": "v2.0.16"
        }
    ],
    "packages-dev": null,
    "aliases": [

    ],
    "minimum-stability": "stable",
    "stability-flags": {
        "phpseclib/phpseclib": 20
    }
}
